
Microsoft Visual Studio Solution File, Format Version 12.00
# Visual Studio Version 17
VisualStudioVersion = 17.0.31903.59
MinimumVisualStudioVersion = 10.0.40219.1
Project("{FAE04EC0-301F-11D3-BF4B-00C04F79EFBC}") = "WebChat", "WebChat\WebChat.csproj", "{0CBF020E-CB7D-4B99-BBFC-F6E9618399FC}"
EndProject
Global
	GlobalSection(SolutionConfigurationPlatforms) = preSolution
		Debug|Any CPU = Debug|Any CPU
		Release|Any CPU = Release|Any CPU
	EndGlobalSection
	GlobalSection(ProjectConfigurationPlatforms) = postSolution
		{0CBF020E-CB7D-4B99-BBFC-F6E9618399FC}.Debug|Any CPU.ActiveCfg = Debug|Any CPU
		{0CBF020E-CB7D-4B99-BBFC-F6E9618399FC}.Debug|Any CPU.Build.0 = Debug|Any CPU
		{0CBF020E-CB7D-4B99-BBFC-F6E9618399FC}.Release|Any CPU.ActiveCfg = Release|Any CPU
		{0CBF020E-CB7D-4B99-BBFC-F6E9618399FC}.Release|Any CPU.Build.0 = Release|Any CPU
	EndGlobalSection
	GlobalSection(SolutionProperties) = preSolution
		HideSolutionNode = FALSE
	EndGlobalSection
	GlobalSection(ExtensibilityGlobals) = postSolution
		SolutionGuid = {CBE3FCF2-BCD9-485D-B362-822B49E582F8}
	EndGlobalSection
EndGlobal
